
Microsoft Visual Studio Solution File, Format Version 12.00
# Visual Studio Version 16
VisualStudioVersion = 16.6.30114.105
MinimumVisualStudioVersion = 10.0.40219.1
Project("{2150E333-8FDC-42A3-9474-1A3956D46DE8}") = "src", "src", "{77F2811B-ACD2-4506-B943-867B5C204C39}"
EndProject
Project("{FAE04EC0-301F-11D3-BF4B-00C04F79EFBC}") = "Hello", "src\Hello\Hello.csproj", "{87D62148-5943-4197-A050-B09D0D0303BC}"
EndProject
Project("{2150E333-8FDC-42A3-9474-1A3956D46DE8}") = "test", "test", "{3D562DBF-575F-42CF-934F-317F9FFD4A81}"
EndProject
Project("{FAE04EC0-301F-11D3-BF4B-00C04F79EFBC}") = "Hello.Test", "test\Hello.Test\Hello.Test.csproj", "{F0E3F01C-35BB-48CB-836B-043B57363727}"
EndProject
Global
	GlobalSection(SolutionConfigurationPlatforms) = preSolution
		Debug|Any CPU = Debug|Any CPU
		Debug|x64 = Debug|x64
		Debug|x86 = Debug|x86
		Release|Any CPU = Release|Any CPU
		Release|x64 = Release|x64
		Release|x86 = Release|x86
	EndGlobalSection
	GlobalSection(SolutionProperties) = preSolution
		HideSolutionNode = FALSE
	EndGlobalSection
	GlobalSection(ProjectConfigurationPlatforms) = postSolution
		{87D62148-5943-4197-A050-B09D0D0303BC}.Debug|Any CPU.ActiveCfg = Debug|Any CPU
		{87D62148-5943-4197-A050-B09D0D0303BC}.Debug|Any CPU.Build.0 = Debug|Any CPU
		{87D62148-5943-4197-A050-B09D0D0303BC}.Debug|x64.ActiveCfg = Debug|Any CPU
		{87D62148-5943-4197-A050-B09D0D0303BC}.Debug|x64.Build.0 = Debug|Any CPU
		{87D62148-5943-4197-A050-B09D0D0303BC}.Debug|x86.ActiveCfg = Debug|Any CPU
		{87D62148-5943-4197-A050-B09D0D0303BC}.Debug|x86.Build.0 = Debug|Any CPU
		{87D62148-5943-4197-A050-B09D0D0303BC}.Release|Any CPU.ActiveCfg = Release|Any CPU
		{87D62148-5943-4197-A050-B09D0D0303BC}.Release|Any CPU.Build.0 = Release|Any CPU
		{87D62148-5943-4197-A050-B09D0D0303BC}.Release|x64.ActiveCfg = Release|Any CPU
		{87D62148-5943-4197-A050-B09D0D0303BC}.Release|x64.Build.0 = Release|Any CPU
		{87D62148-5943-4197-A050-B09D0D0303BC}.Release|x86.ActiveCfg = Release|Any CPU
		{87D62148-5943-4197-A050-B09D0D0303BC}.Release|x86.Build.0 = Release|Any CPU
		{F0E3F01C-35BB-48CB-836B-043B57363727}.Debug|Any CPU.ActiveCfg = Debug|Any CPU
		{F0E3F01C-35BB-48CB-836B-043B57363727}.Debug|Any CPU.Build.0 = Debug|Any CPU
		{F0E3F01C-35BB-48CB-836B-043B57363727}.Debug|x64.ActiveCfg = Debug|Any CPU
		{F0E3F01C-35BB-48CB-836B-043B57363727}.Debug|x64.Build.0 = Debug|Any CPU
		{F0E3F01C-35BB-48CB-836B-043B57363727}.Debug|x86.ActiveCfg = Debug|Any CPU
		{F0E3F01C-35BB-48CB-836B-043B57363727}.Debug|x86.Build.0 = Debug|Any CPU
		{F0E3F01C-35BB-48CB-836B-043B57363727}.Release|Any CPU.ActiveCfg = Release|Any CPU
		{F0E3F01C-35BB-48CB-836B-043B57363727}.Release|Any CPU.Build.0 = Release|Any CPU
		{F0E3F01C-35BB-48CB-836B-043B57363727}.Release|x64.ActiveCfg = Release|Any CPU
		{F0E3F01C-35BB-48CB-836B-043B57363727}.Release|x64.Build.0 = Release|Any CPU
		{F0E3F01C-35BB-48CB-836B-043B57363727}.Release|x86.ActiveCfg = Release|Any CPU
		{F0E3F01C-35BB-48CB-836B-043B57363727}.Release|x86.Build.0 = Release|Any CPU
	EndGlobalSection
	GlobalSection(NestedProjects) = preSolution
		{87D62148-5943-4197-A050-B09D0D0303BC} = {77F2811B-ACD2-4506-B943-867B5C204C39}
		{F0E3F01C-35BB-48CB-836B-043B57363727} = {3D562DBF-575F-42CF-934F-317F9FFD4A81}
	EndGlobalSection
EndGlobal
